
Microsoft Visual Studio Solution File, Format Version 12.00
# Visual Studio Version 17
VisualStudioVersion = 17.9.34607.119
MinimumVisualStudioVersion = 10.0.40219.1
Project("{FAE04EC0-301F-11D3-BF4B-00C04F79EFBC}") = "clase_persona_herencia", "clase_persona_herencia\clase_persona_herencia.csproj", "{F57F282B-DB35-4B6E-81A1-7CAB03025AC2}"
EndProject
Global
	GlobalSection(SolutionConfigurationPlatforms) = preSolution
		Debug|Any CPU = Debug|Any CPU
		Release|Any CPU = Release|Any CPU
	EndGlobalSection
	GlobalSection(ProjectConfigurationPlatforms) = postSolution
		{F57F282B-DB35-4B6E-81A1-7CAB03025AC2}.Debug|Any CPU.ActiveCfg = Debug|Any CPU
		{F57F282B-DB35-4B6E-81A1-7CAB03025AC2}.Debug|Any CPU.Build.0 = Debug|Any CPU
		{F57F282B-DB35-4B6E-81A1-7CAB03025AC2}.Release|Any CPU.ActiveCfg = Release|Any CPU
		{F57F282B-DB35-4B6E-81A1-7CAB03025AC2}.Release|Any CPU.Build.0 = Release|Any CPU
	EndGlobalSection
	GlobalSection(SolutionProperties) = preSolution
		HideSolutionNode = FALSE
	EndGlobalSection
	GlobalSection(ExtensibilityGlobals) = postSolution
		SolutionGuid = {1659EDE9-6895-4DC3-8145-0828CE5CE7E7}
	EndGlobalSection
EndGlobal
